{
    "packages": {
        "": {
            "dependencies": {
                "@prismicio/client": "^7.16.0-alpha.1",
                "@prismicio/vue": "^5.0.0-alpha.1",
                "prismic-dom": "^2.2.7"
            },
            "name": "volunteer-village",
            "devDependencies": {
                "@tailwindcss/forms": "^0.5.10",
                "@vitejs/plugin-legacy": "^6.0.2",
                "alpinejs": "^3.4.2",
                "autoprefixer": "^10.4.20",
                "axios": "^1.1.2",
                "laravel-vite-plugin": "^1.2.0",
                "postcss": "^8.5.3",
                "tailwindcss": "^3.4.17",
                "vite": "^6.2.1"
            }
        },
        "node_modules/@babel/helper-validator-identifier": {
            "version": "7.25.9",
            "resolved": "https://registry.npmjs.org/@babel/helper-validator-identifier/-/helper-validator-identifier-7.25.9.tgz",
            "integrity": "sha512-Ed61U6XJc3CVRfkERJWDz4dJwKe7iLmmJsbOGu9wSloNSFttHV0I8g6UAgb7qnK5ly5bGLPd4oXZlxCdANBOWQ==",
            "license": "MIT",
            "engines": {
                "node": ">=6.9.0"
            }
        },
        "node_modules/@babel/helper-validator-option": {
            "version": "7.25.9",
            "resolved": "https://registry.npmjs.org/@babel/helper-validator-option/-/helper-validator-option-7.25.9.tgz",
            "integrity": "sha512-e/zv1co8pp55dNdEcCynfj9X7nyUKUXoUEwfXqaZt0omVOmDe9oOTdKStH4GmAw6zxMFs50ZayuMfHDKlO7Tfw==",
            "dev": true,
            "license": "MIT",
            "engines": {
                "node": ">=6.9.0"
            }
        },
        "node_modules/@babel/helper-wrap-function": {
            "version": "7.25.9",
            "resolved": "https://registry.npmjs.org/@babel/helper-wrap-function/-/helper-wrap-function-7.25.9.tgz",
            "integrity": "sha512-ETzz9UTjQSTmw39GboatdymDq4XIQbR8ySgVrylRhPOFpsd+JrKHIuF0de7GCWmem+T4uC5z7EZguod7Wj4A4g==",
            "dev": true,
            "license": "MIT",
            "dependencies": {
                "@babel/template": "^7.25.9",
                "@babel/traverse": "^7.25.9",
                "@babel/types": "^7.25.9"
            },
            "engines": {
                "node": ">=6.9.0"
            }
        },
        "node_modules/@babel/helpers": {
            "version": "7.26.10",
            "resolved": "https://registry.npmjs.org/@babel/helpers/-/helpers-7.26.10.tgz",
            "integrity": "sha512-UPYc3SauzZ3JGgj87GgZ89JVdC5dj0AoetR5Bw6wj4niittNyFh6+eOGonYvJ1ao6B8lEa3Q3klS7ADZ53bc5g==",
            "dev": true,
            "license": "MIT",
            "dependencies": {
                "@babel/template": "^7.26.9",
                "@babel/types": "^7.26.10"
            },
            "engines": {
                "node": ">=6.9.0"
            }
        }
    }
}